
Microsoft Visual Studio Solution File, Format Version 12.00
# Visual Studio Version 16
VisualStudioVersion = 16.0.29721.120
MinimumVisualStudioVersion = 10.0.40219.1
Project("{FAE04EC0-301F-11D3-BF4B-00C04F79EFBC}") = "Calculator.Test", "Calculator.Test\Calculator.Test.csproj", "{B660801B-A9AD-4231-96AB-1913BBC8474F}"
EndProject
Project("{FAE04EC0-301F-11D3-BF4B-00C04F79EFBC}") = "Calculator", "Calculator\Calculator.csproj", "{76141F70-689A-497D-9664-101B8C16CFA7}"
EndProject
Global
	GlobalSection(SolutionConfigurationPlatforms) = preSolution
		Debug|Any CPU = Debug|Any CPU
		Release|Any CPU = Release|Any CPU
	EndGlobalSection
	GlobalSection(ProjectConfigurationPlatforms) = postSolution
		{B660801B-A9AD-4231-96AB-1913BBC8474F}.Debug|Any CPU.ActiveCfg = Debug|Any CPU
		{B660801B-A9AD-4231-96AB-1913BBC8474F}.Debug|Any CPU.Build.0 = Debug|Any CPU
		{B660801B-A9AD-4231-96AB-1913BBC8474F}.Release|Any CPU.ActiveCfg = Release|Any CPU
		{B660801B-A9AD-4231-96AB-1913BBC8474F}.Release|Any CPU.Build.0 = Release|Any CPU
		{76141F70-689A-497D-9664-101B8C16CFA7}.Debug|Any CPU.ActiveCfg = Debug|Any CPU
		{76141F70-689A-497D-9664-101B8C16CFA7}.Debug|Any CPU.Build.0 = Debug|Any CPU
		{76141F70-689A-497D-9664-101B8C16CFA7}.Release|Any CPU.ActiveCfg = Release|Any CPU
		{76141F70-689A-497D-9664-101B8C16CFA7}.Release|Any CPU.Build.0 = Release|Any CPU
	EndGlobalSection
	GlobalSection(SolutionProperties) = preSolution
		HideSolutionNode = FALSE
	EndGlobalSection
	GlobalSection(ExtensibilityGlobals) = postSolution
		SolutionGuid = {EB59A8E6-7CC1-4881-86A4-A3CBF809A42B}
	EndGlobalSection
EndGlobal
